{
  "nodes": {
    "catppuccin": {
      "locked": {
        "lastModified": 1728407414,
        "narHash": "sha256-B8LaxUP93eh+it8RW1pGq4SsU2kj7f0ipzFuhBvpON8=",
        "owner": "catppuccin",
        "repo": "nix",
        "rev": "96cf8b4a05fb23a53c027621b1147b5cf9e5439f",
        "type": "github"
      },
      "original": {
        "owner": "catppuccin",
        "repo": "nix",
        "type": "github"
      }
    },
    "home-manager": {
      "inputs": {
        "nixpkgs": [
          "nixpkgs"
        ]
      },
      "locked": {
        "lastModified": 1729716953,
        "narHash": "sha256-FbRKGRRd0amsk/WS/UV9ukJ8jT1dZ2pJBISxkX+uq6A=",
        "owner": "nix-community",
        "repo": "home-manager",
        "rev": "a4353cc43d1b4dd6bdeacea90eb92a8b7b78a9d7",
        "type": "github"
      },
      "original": {
        "owner": "nix-community",
        "ref": "master",
        "repo": "home-manager",
        "type": "github"
      }
    },
    "nixos-hardware": {
      "locked": {
        "lastModified": 1729742320,
        "narHash": "sha256-u3Of8xRkN//me8PU+RucKA59/6RNy4B2jcGAF36P4jI=",
        "owner": "NixOS",
        "repo": "nixos-hardware",
        "rev": "e8a2f6d5513fe7b7d15701b2d05404ffdc3b6dda",
        "type": "github"
      },
      "original": {
        "owner": "NixOS",
        "ref": "master",
        "repo": "nixos-hardware",
        "type": "github"
      }
    },
    "nixpkgs": {
      "locked": {
        "lastModified": 1729665710,
        "narHash": "sha256-AlcmCXJZPIlO5dmFzV3V2XF6x/OpNWUV8Y/FMPGd8Z4=",
        "owner": "nixos",
        "repo": "nixpkgs",
        "rev": "2768c7d042a37de65bb1b5b3268fc987e534c49d",
        "type": "github"
      },
      "original": {
        "owner": "nixos",
        "ref": "nixos-unstable",
        "repo": "nixpkgs",
        "type": "github"
      }
    },
    "nixpkgs_2": {
      "locked": {
        "lastModified": 1729256560,
        "narHash": "sha256-/uilDXvCIEs3C9l73JTACm4quuHUsIHcns1c+cHUJwA=",
        "owner": "nixos",
        "repo": "nixpkgs",
        "rev": "4c2fcb090b1f3e5b47eaa7bd33913b574a11e0a0",
        "type": "github"
      },
      "original": {
        "owner": "nixos",
        "ref": "nixos-unstable",
        "repo": "nixpkgs",
        "type": "github"
      }
    },
    "root": {
      "inputs": {
        "catppuccin": "catppuccin",
        "home-manager": "home-manager",
        "nixos-hardware": "nixos-hardware",
        "nixpkgs": "nixpkgs",
        "zen-browser": "zen-browser"
      }
    },
    "zen-browser": {
      "inputs": {
        "nixpkgs": "nixpkgs_2"
      },
      "locked": {
        "lastModified": 1729457884,
        "narHash": "sha256-oNuY6kQDfqpe1K6dEP7IIoegnSZvvv/WKD/6xcefncc=",
        "owner": "0xc000022070",
        "repo": "zen-browser-flake",
        "rev": "8146e6a761f9d51f1a93528709733685ff046e2c",
        "type": "github"
      },
      "original": {
        "owner": "0xc000022070",
        "repo": "zen-browser-flake",
        "type": "github"
      }
    }
  },
  "root": "root",
  "version": 7
}
